
Microsoft Visual Studio Solution File, Format Version 12.00
# Visual Studio Version 17
VisualStudioVersion = 17.14.37027.9
MinimumVisualStudioVersion = 10.0.40219.1
Project("{FAE04EC0-301F-11D3-BF4B-00C04F79EFBC}") = "2026_MT_Komar_A_A_Lab_1", "2026_MT_Komar_A_A_Lab_!\2026_MT_Komar_A_A_Lab_1.csproj", "{7658C6D6-BBC9-4044-A0D5-28CB613E39FB}"
EndProject
Global
	GlobalSection(SolutionConfigurationPlatforms) = preSolution
		Debug|Any CPU = Debug|Any CPU
		Release|Any CPU = Release|Any CPU
	EndGlobalSection
	GlobalSection(ProjectConfigurationPlatforms) = postSolution
		{7658C6D6-BBC9-4044-A0D5-28CB613E39FB}.Debug|Any CPU.ActiveCfg = Debug|Any CPU
		{7658C6D6-BBC9-4044-A0D5-28CB613E39FB}.Debug|Any CPU.Build.0 = Debug|Any CPU
		{7658C6D6-BBC9-4044-A0D5-28CB613E39FB}.Release|Any CPU.ActiveCfg = Release|Any CPU
		{7658C6D6-BBC9-4044-A0D5-28CB613E39FB}.Release|Any CPU.Build.0 = Release|Any CPU
	EndGlobalSection
	GlobalSection(SolutionProperties) = preSolution
		HideSolutionNode = FALSE
	EndGlobalSection
	GlobalSection(ExtensibilityGlobals) = postSolution
		SolutionGuid = {37E0B02A-7B1A-4035-9466-60FDF1E0AB10}
	EndGlobalSection
EndGlobal
